<Solution>
  <Folder Name="/BackEnd/">
    <Project Path="API/API.csproj" />
    <Project Path="Application/Application.csproj" />
    <Project Path="Domain/Domain.csproj" />
    <Project Path="Infrastructure/Infrastructure.csproj" />
  </Folder>
  <Folder Name="/Mobile/" />
  <Folder Name="/Shared/">
    <Project Path="Communication/Communication.csproj" />
    <Project Path="Exceptions/Exceptions.csproj" />
  </Folder>
  <Folder Name="/Tests/">
    <Project Path="Tests/CommonTestUtilities/CommonTestUtilities.csproj" />
    <Project Path="Tests/UseCases.Test/UseCases.Test.csproj" />
    <Project Path="Tests/Validation.Test/Validation.Test.csproj" />
  </Folder>
</Solution>
